
Microsoft Visual Studio Solution File, Format Version 12.00
# Visual Studio Version 16
VisualStudioVersion = 16.0.30204.135
MinimumVisualStudioVersion = 10.0.40219.1
Project("{9A19103F-16F7-4668-BE54-9A1E7A4F7556}") = "netcore3_api_basicproject", "netcore3_api_basicproject.csproj", "{1733C259-D20D-4B69-AF5D-A45C3945D9D7}"
EndProject
Global
	GlobalSection(SolutionConfigurationPlatforms) = preSolution
		Debug|Any CPU = Debug|Any CPU
		Release|Any CPU = Release|Any CPU
	EndGlobalSection
	GlobalSection(ProjectConfigurationPlatforms) = postSolution
		{1733C259-D20D-4B69-AF5D-A45C3945D9D7}.Debug|Any CPU.ActiveCfg = Debug|Any CPU
		{1733C259-D20D-4B69-AF5D-A45C3945D9D7}.Debug|Any CPU.Build.0 = Debug|Any CPU
		{1733C259-D20D-4B69-AF5D-A45C3945D9D7}.Release|Any CPU.ActiveCfg = Release|Any CPU
		{1733C259-D20D-4B69-AF5D-A45C3945D9D7}.Release|Any CPU.Build.0 = Release|Any CPU
	EndGlobalSection
	GlobalSection(SolutionProperties) = preSolution
		HideSolutionNode = FALSE
	EndGlobalSection
	GlobalSection(ExtensibilityGlobals) = postSolution
		SolutionGuid = {FE7FCFF4-1E07-4B53-B843-77DC5561FA4C}
	EndGlobalSection
EndGlobal
